
Microsoft Visual Studio Solution File, Format Version 12.00
Project("{FAE04EC0-301F-11D3-BF4B-00C04F79EFBC}") = "Task1049", "Task1049\Task1049.csproj", "{E2EE5A6E-0AC1-41C7-8F76-31CA34D776E6}"
EndProject
Project("{FAE04EC0-301F-11D3-BF4B-00C04F79EFBC}") = "Task1057", "Task1057\Task1057.csproj", "{8215303B-962C-4A6F-92B5-F85AF7116653}"
EndProject
Project("{FAE04EC0-301F-11D3-BF4B-00C04F79EFBC}") = "Task1058", "Task1058\Task1058.csproj", "{393CDB8A-CB52-46A7-8CBE-55D7339817C5}"
EndProject
Project("{FAE04EC0-301F-11D3-BF4B-00C04F79EFBC}") = "Task1059", "Task1059\Task1059.csproj", "{0A33AC9A-CDE8-44C5-B127-04B0181B74CB}"
EndProject
Project("{FAE04EC0-301F-11D3-BF4B-00C04F79EFBC}") = "Task1060", "Task1060\Task1060.csproj", "{FE6A3707-13BD-41A3-AA6B-C60CB1FF13FA}"
EndProject
Project("{FAE04EC0-301F-11D3-BF4B-00C04F79EFBC}") = "Task1061", "Task1061\Task1061.csproj", "{215F33FF-D245-4EBA-8109-0FFE88DC561C}"
EndProject
Project("{FAE04EC0-301F-11D3-BF4B-00C04F79EFBC}") = "Task1062", "Task1062\Task1062.csproj", "{1EAD7BD5-3DDA-4D58-9710-042EF1FF671C}"
EndProject
Project("{FAE04EC0-301F-11D3-BF4B-00C04F79EFBC}") = "Task1063", "Task1063\Task1063.csproj", "{F0CAEB5D-C924-4C3D-A4C0-95DE16EE662B}"
EndProject
Project("{FAE04EC0-301F-11D3-BF4B-00C04F79EFBC}") = "Task1064", "Task1064\Task1064.csproj", "{68D74BEB-98CF-4849-AC67-09BF00847E5D}"
EndProject
Project("{FAE04EC0-301F-11D3-BF4B-00C04F79EFBC}") = "Task1082", "Task1082\Task1082.csproj", "{3E5B452A-1A52-4079-832A-43DD247326EF}"
EndProject
Project("{FAE04EC0-301F-11D3-BF4B-00C04F79EFBC}") = "Task1083", "Task1083\Task1083.csproj", "{B81C845B-8F39-4A37-B7F6-57F1DE020928}"
EndProject
Project("{FAE04EC0-301F-11D3-BF4B-00C04F79EFBC}") = "Task1084", "Task1084\Task1084.csproj", "{552021C5-ACA4-4EF6-BED9-67F8A3A25C2A}"
EndProject
Project("{FAE04EC0-301F-11D3-BF4B-00C04F79EFBC}") = "Task1085", "Task1085\Task1085.csproj", "{6E71EAF8-3FDF-41D7-9068-DC5E6DCEC4BB}"
EndProject
Project("{FAE04EC0-301F-11D3-BF4B-00C04F79EFBC}") = "Task1048", "Task1048\Task1048.csproj", "{8E7B8443-2912-4A0F-B8C1-AA2230CDA657}"
EndProject
Project("{FAE04EC0-301F-11D3-BF4B-00C04F79EFBC}") = "Task1047", "Task1047\Task1047.csproj", "{14E253ED-BB63-482E-878C-002F0FAD1041}"
EndProject
Project("{FAE04EC0-301F-11D3-BF4B-00C04F79EFBC}") = "Task1033", "Task1033\Task1033.csproj", "{2EAF2632-0153-4A6F-B7F3-566A9A67F33D}"
EndProject
Project("{FAE04EC0-301F-11D3-BF4B-00C04F79EFBC}") = "Task1034", "Task1034\Task1034.csproj", "{4FC6D4E3-736A-4A48-BD6A-8755B0FB799D}"
EndProject
Project("{FAE04EC0-301F-11D3-BF4B-00C04F79EFBC}") = "Task1035", "Task1035\Task1035.csproj", "{D7D64E2E-1EC2-484E-A35B-C04FD6B636E2}"
EndProject
Project("{FAE04EC0-301F-11D3-BF4B-00C04F79EFBC}") = "Task1036", "Task1036\Task1036.csproj", "{FC6BE402-C70E-4A88-AEE1-1181E4167930}"
EndProject
Project("{FAE04EC0-301F-11D3-BF4B-00C04F79EFBC}") = "Task1037", "Task1037\Task1037.csproj", "{DBAE2FF8-AD19-4107-B36D-6A592E71519D}"
EndProject
Project("{FAE04EC0-301F-11D3-BF4B-00C04F79EFBC}") = "Task1038", "Task1038\Task1038.csproj", "{1B4B23BE-D9D6-4555-9395-9D38B4ECA8E8}"
EndProject
Project("{FAE04EC0-301F-11D3-BF4B-00C04F79EFBC}") = "Task1039", "Task1039\Task1039.csproj", "{1FC9BD5C-3F9F-4A74-9BB8-C8B84069A7DB}"
EndProject
Project("{FAE04EC0-301F-11D3-BF4B-00C04F79EFBC}") = "Task1040", "Task1040\Task1040.csproj", "{B060DD14-2147-4B95-A89B-6CDAB099D58D}"
EndProject
Project("{FAE04EC0-301F-11D3-BF4B-00C04F79EFBC}") = "Task1041", "Task1041\Task1041.csproj", "{AA5BC080-3706-4F36-BE96-FF8CE669C34C}"
EndProject
Project("{FAE04EC0-301F-11D3-BF4B-00C04F79EFBC}") = "Task1043", "Task1043\Task1043.csproj", "{050209CF-C20C-48F5-A600-945333398557}"
EndProject
Project("{FAE04EC0-301F-11D3-BF4B-00C04F79EFBC}") = "Task1044", "Task1044\Task1044.csproj", "{D0431307-F34F-4209-88A2-E47209187F98}"
EndProject
Project("{FAE04EC0-301F-11D3-BF4B-00C04F79EFBC}") = "Task1045", "Task1045\Task1045.csproj", "{74B80331-FBB1-4156-9045-8F7C553974AF}"
EndProject
Project("{FAE04EC0-301F-11D3-BF4B-00C04F79EFBC}") = "Task1046", "Task1046\Task1046.csproj", "{8FF13C89-C609-4FA3-B799-33BE7D9EE545}"
EndProject
Project("{FAE04EC0-301F-11D3-BF4B-00C04F79EFBC}") = "Task1086", "Task1086\Task1086.csproj", "{A3EDDF84-7094-46C2-B200-F12CA76BF4A4}"
EndProject
Global
	GlobalSection(SolutionConfigurationPlatforms) = preSolution
		Debug|Any CPU = Debug|Any CPU
		Release|Any CPU = Release|Any CPU
	EndGlobalSection
	GlobalSection(ProjectConfigurationPlatforms) = postSolution
		{E2EE5A6E-0AC1-41C7-8F76-31CA34D776E6}.Debug|Any CPU.ActiveCfg = Debug|Any CPU
		{E2EE5A6E-0AC1-41C7-8F76-31CA34D776E6}.Debug|Any CPU.Build.0 = Debug|Any CPU
		{E2EE5A6E-0AC1-41C7-8F76-31CA34D776E6}.Release|Any CPU.ActiveCfg = Release|Any CPU
		{E2EE5A6E-0AC1-41C7-8F76-31CA34D776E6}.Release|Any CPU.Build.0 = Release|Any CPU
		{8215303B-962C-4A6F-92B5-F85AF7116653}.Debug|Any CPU.ActiveCfg = Debug|Any CPU
		{8215303B-962C-4A6F-92B5-F85AF7116653}.Debug|Any CPU.Build.0 = Debug|Any CPU
		{8215303B-962C-4A6F-92B5-F85AF7116653}.Release|Any CPU.ActiveCfg = Release|Any CPU
		{8215303B-962C-4A6F-92B5-F85AF7116653}.Release|Any CPU.Build.0 = Release|Any CPU
		{393CDB8A-CB52-46A7-8CBE-55D7339817C5}.Debug|Any CPU.ActiveCfg = Debug|Any CPU
		{393CDB8A-CB52-46A7-8CBE-55D7339817C5}.Debug|Any CPU.Build.0 = Debug|Any CPU
		{393CDB8A-CB52-46A7-8CBE-55D7339817C5}.Release|Any CPU.ActiveCfg = Release|Any CPU
		{393CDB8A-CB52-46A7-8CBE-55D7339817C5}.Release|Any CPU.Build.0 = Release|Any CPU
		{0A33AC9A-CDE8-44C5-B127-04B0181B74CB}.Debug|Any CPU.ActiveCfg = Debug|Any CPU
		{0A33AC9A-CDE8-44C5-B127-04B0181B74CB}.Debug|Any CPU.Build.0 = Debug|Any CPU
		{0A33AC9A-CDE8-44C5-B127-04B0181B74CB}.Release|Any CPU.ActiveCfg = Release|Any CPU
		{0A33AC9A-CDE8-44C5-B127-04B0181B74CB}.Release|Any CPU.Build.0 = Release|Any CPU
		{FE6A3707-13BD-41A3-AA6B-C60CB1FF13FA}.Debug|Any CPU.ActiveCfg = Debug|Any CPU
		{FE6A3707-13BD-41A3-AA6B-C60CB1FF13FA}.Debug|Any CPU.Build.0 = Debug|Any CPU
		{FE6A3707-13BD-41A3-AA6B-C60CB1FF13FA}.Release|Any CPU.ActiveCfg = Release|Any CPU
		{FE6A3707-13BD-41A3-AA6B-C60CB1FF13FA}.Release|Any CPU.Build.0 = Release|Any CPU
		{215F33FF-D245-4EBA-8109-0FFE88DC561C}.Debug|Any CPU.ActiveCfg = Debug|Any CPU
		{215F33FF-D245-4EBA-8109-0FFE88DC561C}.Debug|Any CPU.Build.0 = Debug|Any CPU
		{215F33FF-D245-4EBA-8109-0FFE88DC561C}.Release|Any CPU.ActiveCfg = Release|Any CPU
		{215F33FF-D245-4EBA-8109-0FFE88DC561C}.Release|Any CPU.Build.0 = Release|Any CPU
		{1EAD7BD5-3DDA-4D58-9710-042EF1FF671C}.Debug|Any CPU.ActiveCfg = Debug|Any CPU
		{1EAD7BD5-3DDA-4D58-9710-042EF1FF671C}.Debug|Any CPU.Build.0 = Debug|Any CPU
		{1EAD7BD5-3DDA-4D58-9710-042EF1FF671C}.Release|Any CPU.ActiveCfg = Release|Any CPU
		{1EAD7BD5-3DDA-4D58-9710-042EF1FF671C}.Release|Any CPU.Build.0 = Release|Any CPU
		{F0CAEB5D-C924-4C3D-A4C0-95DE16EE662B}.Debug|Any CPU.ActiveCfg = Debug|Any CPU
		{F0CAEB5D-C924-4C3D-A4C0-95DE16EE662B}.Debug|Any CPU.Build.0 = Debug|Any CPU
		{F0CAEB5D-C924-4C3D-A4C0-95DE16EE662B}.Release|Any CPU.ActiveCfg = Release|Any CPU
		{F0CAEB5D-C924-4C3D-A4C0-95DE16EE662B}.Release|Any CPU.Build.0 = Release|Any CPU
		{68D74BEB-98CF-4849-AC67-09BF00847E5D}.Debug|Any CPU.ActiveCfg = Debug|Any CPU
		{68D74BEB-98CF-4849-AC67-09BF00847E5D}.Debug|Any CPU.Build.0 = Debug|Any CPU
		{68D74BEB-98CF-4849-AC67-09BF00847E5D}.Release|Any CPU.ActiveCfg = Release|Any CPU
		{68D74BEB-98CF-4849-AC67-09BF00847E5D}.Release|Any CPU.Build.0 = Release|Any CPU
		{3E5B452A-1A52-4079-832A-43DD247326EF}.Debug|Any CPU.ActiveCfg = Debug|Any CPU
		{3E5B452A-1A52-4079-832A-43DD247326EF}.Debug|Any CPU.Build.0 = Debug|Any CPU
		{3E5B452A-1A52-4079-832A-43DD247326EF}.Release|Any CPU.ActiveCfg = Release|Any CPU
		{3E5B452A-1A52-4079-832A-43DD247326EF}.Release|Any CPU.Build.0 = Release|Any CPU
		{B81C845B-8F39-4A37-B7F6-57F1DE020928}.Debug|Any CPU.ActiveCfg = Debug|Any CPU
		{B81C845B-8F39-4A37-B7F6-57F1DE020928}.Debug|Any CPU.Build.0 = Debug|Any CPU
		{B81C845B-8F39-4A37-B7F6-57F1DE020928}.Release|Any CPU.ActiveCfg = Release|Any CPU
		{B81C845B-8F39-4A37-B7F6-57F1DE020928}.Release|Any CPU.Build.0 = Release|Any CPU
		{552021C5-ACA4-4EF6-BED9-67F8A3A25C2A}.Debug|Any CPU.ActiveCfg = Debug|Any CPU
		{552021C5-ACA4-4EF6-BED9-67F8A3A25C2A}.Debug|Any CPU.Build.0 = Debug|Any CPU
		{552021C5-ACA4-4EF6-BED9-67F8A3A25C2A}.Release|Any CPU.ActiveCfg = Release|Any CPU
		{552021C5-ACA4-4EF6-BED9-67F8A3A25C2A}.Release|Any CPU.Build.0 = Release|Any CPU
		{6E71EAF8-3FDF-41D7-9068-DC5E6DCEC4BB}.Debug|Any CPU.ActiveCfg = Debug|Any CPU
		{6E71EAF8-3FDF-41D7-9068-DC5E6DCEC4BB}.Debug|Any CPU.Build.0 = Debug|Any CPU
		{6E71EAF8-3FDF-41D7-9068-DC5E6DCEC4BB}.Release|Any CPU.ActiveCfg = Release|Any CPU
		{6E71EAF8-3FDF-41D7-9068-DC5E6DCEC4BB}.Release|Any CPU.Build.0 = Release|Any CPU
		{8E7B8443-2912-4A0F-B8C1-AA2230CDA657}.Debug|Any CPU.ActiveCfg = Debug|Any CPU
		{8E7B8443-2912-4A0F-B8C1-AA2230CDA657}.Debug|Any CPU.Build.0 = Debug|Any CPU
		{8E7B8443-2912-4A0F-B8C1-AA2230CDA657}.Release|Any CPU.ActiveCfg = Release|Any CPU
		{8E7B8443-2912-4A0F-B8C1-AA2230CDA657}.Release|Any CPU.Build.0 = Release|Any CPU
		{14E253ED-BB63-482E-878C-002F0FAD1041}.Debug|Any CPU.ActiveCfg = Debug|Any CPU
		{14E253ED-BB63-482E-878C-002F0FAD1041}.Debug|Any CPU.Build.0 = Debug|Any CPU
		{14E253ED-BB63-482E-878C-002F0FAD1041}.Release|Any CPU.ActiveCfg = Release|Any CPU
		{14E253ED-BB63-482E-878C-002F0FAD1041}.Release|Any CPU.Build.0 = Release|Any CPU
		{2EAF2632-0153-4A6F-B7F3-566A9A67F33D}.Debug|Any CPU.ActiveCfg = Debug|Any CPU
		{2EAF2632-0153-4A6F-B7F3-566A9A67F33D}.Debug|Any CPU.Build.0 = Debug|Any CPU
		{2EAF2632-0153-4A6F-B7F3-566A9A67F33D}.Release|Any CPU.ActiveCfg = Release|Any CPU
		{2EAF2632-0153-4A6F-B7F3-566A9A67F33D}.Release|Any CPU.Build.0 = Release|Any CPU
		{4FC6D4E3-736A-4A48-BD6A-8755B0FB799D}.Debug|Any CPU.ActiveCfg = Debug|Any CPU
		{4FC6D4E3-736A-4A48-BD6A-8755B0FB799D}.Debug|Any CPU.Build.0 = Debug|Any CPU
		{4FC6D4E3-736A-4A48-BD6A-8755B0FB799D}.Release|Any CPU.ActiveCfg = Release|Any CPU
		{4FC6D4E3-736A-4A48-BD6A-8755B0FB799D}.Release|Any CPU.Build.0 = Release|Any CPU
		{D7D64E2E-1EC2-484E-A35B-C04FD6B636E2}.Debug|Any CPU.ActiveCfg = Debug|Any CPU
		{D7D64E2E-1EC2-484E-A35B-C04FD6B636E2}.Debug|Any CPU.Build.0 = Debug|Any CPU
		{D7D64E2E-1EC2-484E-A35B-C04FD6B636E2}.Release|Any CPU.ActiveCfg = Release|Any CPU
		{D7D64E2E-1EC2-484E-A35B-C04FD6B636E2}.Release|Any CPU.Build.0 = Release|Any CPU
		{FC6BE402-C70E-4A88-AEE1-1181E4167930}.Debug|Any CPU.ActiveCfg = Debug|Any CPU
		{FC6BE402-C70E-4A88-AEE1-1181E4167930}.Debug|Any CPU.Build.0 = Debug|Any CPU
		{FC6BE402-C70E-4A88-AEE1-1181E4167930}.Release|Any CPU.ActiveCfg = Release|Any CPU
		{FC6BE402-C70E-4A88-AEE1-1181E4167930}.Release|Any CPU.Build.0 = Release|Any CPU
		{DBAE2FF8-AD19-4107-B36D-6A592E71519D}.Debug|Any CPU.ActiveCfg = Debug|Any CPU
		{DBAE2FF8-AD19-4107-B36D-6A592E71519D}.Debug|Any CPU.Build.0 = Debug|Any CPU
		{DBAE2FF8-AD19-4107-B36D-6A592E71519D}.Release|Any CPU.ActiveCfg = Release|Any CPU
		{DBAE2FF8-AD19-4107-B36D-6A592E71519D}.Release|Any CPU.Build.0 = Release|Any CPU
		{1B4B23BE-D9D6-4555-9395-9D38B4ECA8E8}.Debug|Any CPU.ActiveCfg = Debug|Any CPU
		{1B4B23BE-D9D6-4555-9395-9D38B4ECA8E8}.Debug|Any CPU.Build.0 = Debug|Any CPU
		{1B4B23BE-D9D6-4555-9395-9D38B4ECA8E8}.Release|Any CPU.ActiveCfg = Release|Any CPU
		{1B4B23BE-D9D6-4555-9395-9D38B4ECA8E8}.Release|Any CPU.Build.0 = Release|Any CPU
		{1FC9BD5C-3F9F-4A74-9BB8-C8B84069A7DB}.Debug|Any CPU.ActiveCfg = Debug|Any CPU
		{1FC9BD5C-3F9F-4A74-9BB8-C8B84069A7DB}.Debug|Any CPU.Build.0 = Debug|Any CPU
		{1FC9BD5C-3F9F-4A74-9BB8-C8B84069A7DB}.Release|Any CPU.ActiveCfg = Release|Any CPU
		{1FC9BD5C-3F9F-4A74-9BB8-C8B84069A7DB}.Release|Any CPU.Build.0 = Release|Any CPU
		{B060DD14-2147-4B95-A89B-6CDAB099D58D}.Debug|Any CPU.ActiveCfg = Debug|Any CPU
		{B060DD14-2147-4B95-A89B-6CDAB099D58D}.Debug|Any CPU.Build.0 = Debug|Any CPU
		{B060DD14-2147-4B95-A89B-6CDAB099D58D}.Release|Any CPU.ActiveCfg = Release|Any CPU
		{B060DD14-2147-4B95-A89B-6CDAB099D58D}.Release|Any CPU.Build.0 = Release|Any CPU
		{AA5BC080-3706-4F36-BE96-FF8CE669C34C}.Debug|Any CPU.ActiveCfg = Debug|Any CPU
		{AA5BC080-3706-4F36-BE96-FF8CE669C34C}.Debug|Any CPU.Build.0 = Debug|Any CPU
		{AA5BC080-3706-4F36-BE96-FF8CE669C34C}.Release|Any CPU.ActiveCfg = Release|Any CPU
		{AA5BC080-3706-4F36-BE96-FF8CE669C34C}.Release|Any CPU.Build.0 = Release|Any CPU
		{050209CF-C20C-48F5-A600-945333398557}.Debug|Any CPU.ActiveCfg = Debug|Any CPU
		{050209CF-C20C-48F5-A600-945333398557}.Debug|Any CPU.Build.0 = Debug|Any CPU
		{050209CF-C20C-48F5-A600-945333398557}.Release|Any CPU.ActiveCfg = Release|Any CPU
		{050209CF-C20C-48F5-A600-945333398557}.Release|Any CPU.Build.0 = Release|Any CPU
		{D0431307-F34F-4209-88A2-E47209187F98}.Debug|Any CPU.ActiveCfg = Debug|Any CPU
		{D0431307-F34F-4209-88A2-E47209187F98}.Debug|Any CPU.Build.0 = Debug|Any CPU
		{D0431307-F34F-4209-88A2-E47209187F98}.Release|Any CPU.ActiveCfg = Release|Any CPU
		{D0431307-F34F-4209-88A2-E47209187F98}.Release|Any CPU.Build.0 = Release|Any CPU
		{74B80331-FBB1-4156-9045-8F7C553974AF}.Debug|Any CPU.ActiveCfg = Debug|Any CPU
		{74B80331-FBB1-4156-9045-8F7C553974AF}.Debug|Any CPU.Build.0 = Debug|Any CPU
		{74B80331-FBB1-4156-9045-8F7C553974AF}.Release|Any CPU.ActiveCfg = Release|Any CPU
		{74B80331-FBB1-4156-9045-8F7C553974AF}.Release|Any CPU.Build.0 = Release|Any CPU
		{8FF13C89-C609-4FA3-B799-33BE7D9EE545}.Debug|Any CPU.ActiveCfg = Debug|Any CPU
		{8FF13C89-C609-4FA3-B799-33BE7D9EE545}.Debug|Any CPU.Build.0 = Debug|Any CPU
		{8FF13C89-C609-4FA3-B799-33BE7D9EE545}.Release|Any CPU.ActiveCfg = Release|Any CPU
		{8FF13C89-C609-4FA3-B799-33BE7D9EE545}.Release|Any CPU.Build.0 = Release|Any CPU
		{A3EDDF84-7094-46C2-B200-F12CA76BF4A4}.Debug|Any CPU.ActiveCfg = Debug|Any CPU
		{A3EDDF84-7094-46C2-B200-F12CA76BF4A4}.Debug|Any CPU.Build.0 = Debug|Any CPU
		{A3EDDF84-7094-46C2-B200-F12CA76BF4A4}.Release|Any CPU.ActiveCfg = Release|Any CPU
		{A3EDDF84-7094-46C2-B200-F12CA76BF4A4}.Release|Any CPU.Build.0 = Release|Any CPU
	EndGlobalSection
EndGlobal
